
Microsoft Visual Studio Solution File, Format Version 12.00
# Visual Studio Version 17
VisualStudioVersion = 17.11.35312.102
MinimumVisualStudioVersion = 10.0.40219.1
Project("{9A19103F-16F7-4668-BE54-9A1E7A4F7556}") = "monolith", "monolith.csproj", "{F3326AE2-DE37-4020-A682-C8FB07D69FF6}"
EndProject
Project("{2150E333-8FDC-42A3-9474-1A3956D46DE8}") = "Itens de Solução", "Itens de Solução", "{3DDC0700-C4C2-4465-BAB2-C8A152F407F3}"
	ProjectSection(SolutionItems) = preProject
		Resources\Monolith_icon.ico = Resources\Monolith_icon.ico
	EndProjectSection
EndProject
Global
	GlobalSection(SolutionConfigurationPlatforms) = preSolution
		Debug|Any CPU = Debug|Any CPU
		Release|Any CPU = Release|Any CPU
	EndGlobalSection
	GlobalSection(ProjectConfigurationPlatforms) = postSolution
		{F3326AE2-DE37-4020-A682-C8FB07D69FF6}.Debug|Any CPU.ActiveCfg = Debug|Any CPU
		{F3326AE2-DE37-4020-A682-C8FB07D69FF6}.Debug|Any CPU.Build.0 = Debug|Any CPU
		{F3326AE2-DE37-4020-A682-C8FB07D69FF6}.Release|Any CPU.ActiveCfg = Release|Any CPU
		{F3326AE2-DE37-4020-A682-C8FB07D69FF6}.Release|Any CPU.Build.0 = Release|Any CPU
	EndGlobalSection
	GlobalSection(SolutionProperties) = preSolution
		HideSolutionNode = FALSE
	EndGlobalSection
	GlobalSection(ExtensibilityGlobals) = postSolution
		SolutionGuid = {A7EDD744-47C8-4C05-975D-306C937EAF31}
	EndGlobalSection
EndGlobal
